// !$*UTF8*$!
{
	archiveVersion = 1;
	classes = {
	};
	objectVersion = 56;
	objects = {

/* Begin PBXBuildFile section */
		A10001 /* MIDITimecodeApp.swift in Sources */ = {isa = PBXBuildFile; fileRef = B10001; };
		A10002 /* AppDelegate.swift in Sources */ = {isa = PBXBuildFile; fileRef = B10002; };
		A10003 /* ContentView.swift in Sources */ = {isa = PBXBuildFile; fileRef = B10003; };
		A10004 /* MIDIManager.swift in Sources */ = {isa = PBXBuildFile; fileRef = B10004; };
		A10005 /* MIDIDevice.swift in Sources */ = {isa = PBXBuildFile; fileRef = B10005; };
		A10006 /* TubeColor.swift in Sources */ = {isa = PBXBuildFile; fileRef = B10006; };
		A10007 /* TimecodeDisplayView.swift in Sources */ = {isa = PBXBuildFile; fileRef = B10007; };
		A10008 /* ValveDigitView.swift in Sources */ = {isa = PBXBuildFile; fileRef = B10008; };
		A10009 /* SeparatorView.swift in Sources */ = {isa = PBXBuildFile; fileRef = B10009; };
		A10010 /* Assets.xcassets in Resources */ = {isa = PBXBuildFile; fileRef = B10010; };
		A10011 /* MTCParser.swift in Sources */ = {isa = PBXBuildFile; fileRef = B10011; };
		A10012 /* Timecode.swift in Sources */ = {isa = PBXBuildFile; fileRef = B10012; };
		A10013 /* MTCGenerator.swift in Sources */ = {isa = PBXBuildFile; fileRef = B10013; };
		A10014 /* LTCDecoder.swift in Sources */ = {isa = PBXBuildFile; fileRef = B10014; };
		A10015 /* AudioDevice.swift in Sources */ = {isa = PBXBuildFile; fileRef = B10015; };
		A10016 /* AudioManager.swift in Sources */ = {isa = PBXBuildFile; fileRef = B10016; };
		A10017 /* VirtualMIDISource.swift in Sources */ = {isa = PBXBuildFile; fileRef = B10017; };
		A10018 /* TimecodeEngine.swift in Sources */ = {isa = PBXBuildFile; fileRef = B10018; };
		A10019 /* MenuBarContentView.swift in Sources */ = {isa = PBXBuildFile; fileRef = B10019; };
		A10026 /* Settings.swift in Sources */ = {isa = PBXBuildFile; fileRef = B10026; };
		A10027 /* MenuBarController.swift in Sources */ = {isa = PBXBuildFile; fileRef = B10027; };
		A10020 /* MIDIManagerTests.swift in Sources */ = {isa = PBXBuildFile; fileRef = B10020; };
		A10021 /* TubeColorTests.swift in Sources */ = {isa = PBXBuildFile; fileRef = B10021; };
		A10022 /* MTCParserTests.swift in Sources */ = {isa = PBXBuildFile; fileRef = B10022; };
		A10023 /* TimecodeTests.swift in Sources */ = {isa = PBXBuildFile; fileRef = B10023; };
		A10024 /* MTCGeneratorTests.swift in Sources */ = {isa = PBXBuildFile; fileRef = B10024; };
		A10025 /* LTCDecoderTests.swift in Sources */ = {isa = PBXBuildFile; fileRef = B10025; };
/* End PBXBuildFile section */

/* Begin PBXContainerItemProxy section */
		C10001 /* PBXContainerItemProxy */ = {
			isa = PBXContainerItemProxy;
			containerPortal = P10001;
			proxyType = 1;
			remoteGlobalIDString = T10001;
			remoteInfo = MIDITimecode;
		};
/* End PBXContainerItemProxy section */

/* Begin PBXFileReference section */
		B10001 /* MIDITimecodeApp.swift */ = {isa = PBXFileReference; lastKnownFileType = sourcecode.swift; path = MIDITimecodeApp.swift; sourceTree = "<group>"; };
		B10002 /* AppDelegate.swift */ = {isa = PBXFileReference; lastKnownFileType = sourcecode.swift; path = AppDelegate.swift; sourceTree = "<group>"; };
		B10003 /* ContentView.swift */ = {isa = PBXFileReference; lastKnownFileType = sourcecode.swift; path = ContentView.swift; sourceTree = "<group>"; };
		B10004 /* MIDIManager.swift */ = {isa = PBXFileReference; lastKnownFileType = sourcecode.swift; path = MIDIManager.swift; sourceTree = "<group>"; };
		B10005 /* MIDIDevice.swift */ = {isa = PBXFileReference; lastKnownFileType = sourcecode.swift; path = MIDIDevice.swift; sourceTree = "<group>"; };
		B10006 /* TubeColor.swift */ = {isa = PBXFileReference; lastKnownFileType = sourcecode.swift; path = TubeColor.swift; sourceTree = "<group>"; };
		B10007 /* TimecodeDisplayView.swift */ = {isa = PBXFileReference; lastKnownFileType = sourcecode.swift; path = TimecodeDisplayView.swift; sourceTree = "<group>"; };
		B10008 /* ValveDigitView.swift */ = {isa = PBXFileReference; lastKnownFileType = sourcecode.swift; path = ValveDigitView.swift; sourceTree = "<group>"; };
		B10009 /* SeparatorView.swift */ = {isa = PBXFileReference; lastKnownFileType = sourcecode.swift; path = SeparatorView.swift; sourceTree = "<group>"; };
		B10010 /* Assets.xcassets */ = {isa = PBXFileReference; lastKnownFileType = folder.assetcatalog; path = Assets.xcassets; sourceTree = "<group>"; };
		B10011 /* MTCParser.swift */ = {isa = PBXFileReference; lastKnownFileType = sourcecode.swift; path = MTCParser.swift; sourceTree = "<group>"; };
		B10012 /* Timecode.swift */ = {isa = PBXFileReference; lastKnownFileType = sourcecode.swift; path = Timecode.swift; sourceTree = "<group>"; };
		B10013 /* MTCGenerator.swift */ = {isa = PBXFileReference; lastKnownFileType = sourcecode.swift; path = MTCGenerator.swift; sourceTree = "<group>"; };
		B10014 /* LTCDecoder.swift */ = {isa = PBXFileReference; lastKnownFileType = sourcecode.swift; path = LTCDecoder.swift; sourceTree = "<group>"; };
		B10015 /* AudioDevice.swift */ = {isa = PBXFileReference; lastKnownFileType = sourcecode.swift; path = AudioDevice.swift; sourceTree = "<group>"; };
		B10016 /* AudioManager.swift */ = {isa = PBXFileReference; lastKnownFileType = sourcecode.swift; path = AudioManager.swift; sourceTree = "<group>"; };
		B10017 /* VirtualMIDISource.swift */ = {isa = PBXFileReference; lastKnownFileType = sourcecode.swift; path = VirtualMIDISource.swift; sourceTree = "<group>"; };
		B10018 /* TimecodeEngine.swift */ = {isa = PBXFileReference; lastKnownFileType = sourcecode.swift; path = TimecodeEngine.swift; sourceTree = "<group>"; };
		B10019 /* MenuBarContentView.swift */ = {isa = PBXFileReference; lastKnownFileType = sourcecode.swift; path = MenuBarContentView.swift; sourceTree = "<group>"; };
		B10026 /* Settings.swift */ = {isa = PBXFileReference; lastKnownFileType = sourcecode.swift; path = Settings.swift; sourceTree = "<group>"; };
		B10027 /* MenuBarController.swift */ = {isa = PBXFileReference; lastKnownFileType = sourcecode.swift; path = MenuBarController.swift; sourceTree = "<group>"; };
		B10020 /* MIDIManagerTests.swift */ = {isa = PBXFileReference; lastKnownFileType = sourcecode.swift; path = MIDIManagerTests.swift; sourceTree = "<group>"; };
		B10021 /* TubeColorTests.swift */ = {isa = PBXFileReference; lastKnownFileType = sourcecode.swift; path = TubeColorTests.swift; sourceTree = "<group>"; };
		B10022 /* MTCParserTests.swift */ = {isa = PBXFileReference; lastKnownFileType = sourcecode.swift; path = MTCParserTests.swift; sourceTree = "<group>"; };
		B10023 /* TimecodeTests.swift */ = {isa = PBXFileReference; lastKnownFileType = sourcecode.swift; path = TimecodeTests.swift; sourceTree = "<group>"; };
		B10024 /* MTCGeneratorTests.swift */ = {isa = PBXFileReference; lastKnownFileType = sourcecode.swift; path = MTCGeneratorTests.swift; sourceTree = "<group>"; };
		B10025 /* LTCDecoderTests.swift */ = {isa = PBXFileReference; lastKnownFileType = sourcecode.swift; path = LTCDecoderTests.swift; sourceTree = "<group>"; };
		PR0001 /* MIDITimecode.app */ = {isa = PBXFileReference; explicitFileType = wrapper.application; includeInIndex = 0; path = MIDITimecode.app; sourceTree = BUILT_PRODUCTS_DIR; };
		PR0002 /* MIDITimecodeTests.xctest */ = {isa = PBXFileReference; explicitFileType = wrapper.cfbundle; includeInIndex = 0; path = MIDITimecodeTests.xctest; sourceTree = BUILT_PRODUCTS_DIR; };
/* End PBXFileReference section */

/* Begin PBXFrameworksBuildPhase section */
		F10001 /* Frameworks */ = {
			isa = PBXFrameworksBuildPhase;
			buildActionMask = 2147483647;
			files = (
			);
			runOnlyForDeploymentPostprocessing = 0;
		};
		F10002 /* Frameworks */ = {
			isa = PBXFrameworksBuildPhase;
			buildActionMask = 2147483647;
			files = (
			);
			runOnlyForDeploymentPostprocessing = 0;
		};
/* End PBXFrameworksBuildPhase section */

/* Begin PBXGroup section */
		G10001 = {
			isa = PBXGroup;
			children = (
				G10002 /* MIDITimecode */,
				G10004 /* MIDITimecodeTests */,
				G10005 /* Products */,
			);
			sourceTree = "<group>";
		};
		G10002 /* MIDITimecode */ = {
			isa = PBXGroup;
			children = (
				B10001 /* MIDITimecodeApp.swift */,
				B10002 /* AppDelegate.swift */,
				B10003 /* ContentView.swift */,
				B10012 /* Timecode.swift */,
				B10004 /* MIDIManager.swift */,
				B10005 /* MIDIDevice.swift */,
				B10011 /* MTCParser.swift */,
				B10013 /* MTCGenerator.swift */,
				B10014 /* LTCDecoder.swift */,
				B10015 /* AudioDevice.swift */,
				B10016 /* AudioManager.swift */,
				B10017 /* VirtualMIDISource.swift */,
				B10018 /* TimecodeEngine.swift */,
				B10026 /* Settings.swift */,
				B10027 /* MenuBarController.swift */,
				B10006 /* TubeColor.swift */,
				G10003 /* Views */,
				B10010 /* Assets.xcassets */,
			);
			path = MIDITimecode;
			sourceTree = "<group>";
		};
		G10003 /* Views */ = {
			isa = PBXGroup;
			children = (
				B10007 /* TimecodeDisplayView.swift */,
				B10008 /* ValveDigitView.swift */,
				B10009 /* SeparatorView.swift */,
				B10019 /* MenuBarContentView.swift */,
			);
			path = Views;
			sourceTree = "<group>";
		};
		G10004 /* MIDITimecodeTests */ = {
			isa = PBXGroup;
			children = (
				B10020 /* MIDIManagerTests.swift */,
				B10021 /* TubeColorTests.swift */,
				B10022 /* MTCParserTests.swift */,
				B10023 /* TimecodeTests.swift */,
				B10024 /* MTCGeneratorTests.swift */,
				B10025 /* LTCDecoderTests.swift */,
			);
			path = MIDITimecodeTests;
			sourceTree = "<group>";
		};
		G10005 /* Products */ = {
			isa = PBXGroup;
			children = (
				PR0001 /* MIDITimecode.app */,
				PR0002 /* MIDITimecodeTests.xctest */,
			);
			name = Products;
			sourceTree = "<group>";
		};
/* End PBXGroup section */

/* Begin PBXNativeTarget section */
		T10001 /* MIDITimecode */ = {
			isa = PBXNativeTarget;
			buildConfigurationList = CL0001;
			buildPhases = (
				S10001 /* Sources */,
				F10001 /* Frameworks */,
				R10001 /* Resources */,
			);
			buildRules = (
			);
			dependencies = (
			);
			name = MIDITimecode;
			productName = MIDITimecode;
			productReference = PR0001;
			productType = "com.apple.product-type.application";
		};
		T10002 /* MIDITimecodeTests */ = {
			isa = PBXNativeTarget;
			buildConfigurationList = CL0002;
			buildPhases = (
				S10002 /* Sources */,
				F10002 /* Frameworks */,
			);
			buildRules = (
			);
			dependencies = (
				D10001 /* PBXTargetDependency */,
			);
			name = MIDITimecodeTests;
			productName = MIDITimecodeTests;
			productReference = PR0002;
			productType = "com.apple.product-type.bundle.unit-test";
		};
/* End PBXNativeTarget section */

/* Begin PBXProject section */
		P10001 /* Project object */ = {
			isa = PBXProject;
			attributes = {
				BuildIndependentTargetsInParallel = 1;
				LastSwiftUpdateCheck = 1620;
				LastUpgradeCheck = 1620;
				TargetAttributes = {
					T10001 = {
						CreatedOnToolsVersion = 16.2;
					};
					T10002 = {
						CreatedOnToolsVersion = 16.2;
						TestTargetID = T10001;
					};
				};
			};
			buildConfigurationList = CL0003;
			compatibilityVersion = "Xcode 14.0";
			developmentRegion = en;
			hasScannedForEncodings = 0;
			knownRegions = (
				en,
				Base,
			);
			mainGroup = G10001;
			productRefGroup = G10005;
			projectDirPath = "";
			projectRoot = "";
			targets = (
				T10001 /* MIDITimecode */,
				T10002 /* MIDITimecodeTests */,
			);
		};
/* End PBXProject section */

/* Begin PBXResourcesBuildPhase section */
		R10001 /* Resources */ = {
			isa = PBXResourcesBuildPhase;
			buildActionMask = 2147483647;
			files = (
				A10010 /* Assets.xcassets in Resources */,
			);
			runOnlyForDeploymentPostprocessing = 0;
		};
/* End PBXResourcesBuildPhase section */

/* Begin PBXSourcesBuildPhase section */
		S10001 /* Sources */ = {
			isa = PBXSourcesBuildPhase;
			buildActionMask = 2147483647;
			files = (
				A10001 /* MIDITimecodeApp.swift in Sources */,
				A10002 /* AppDelegate.swift in Sources */,
				A10003 /* ContentView.swift in Sources */,
				A10012 /* Timecode.swift in Sources */,
				A10004 /* MIDIManager.swift in Sources */,
				A10005 /* MIDIDevice.swift in Sources */,
				A10006 /* TubeColor.swift in Sources */,
				A10007 /* TimecodeDisplayView.swift in Sources */,
				A10008 /* ValveDigitView.swift in Sources */,
				A10009 /* SeparatorView.swift in Sources */,
				A10011 /* MTCParser.swift in Sources */,
				A10013 /* MTCGenerator.swift in Sources */,
				A10014 /* LTCDecoder.swift in Sources */,
				A10015 /* AudioDevice.swift in Sources */,
				A10016 /* AudioManager.swift in Sources */,
				A10017 /* VirtualMIDISource.swift in Sources */,
				A10018 /* TimecodeEngine.swift in Sources */,
				A10019 /* MenuBarContentView.swift in Sources */,
				A10026 /* Settings.swift in Sources */,
				A10027 /* MenuBarController.swift in Sources */,
			);
			runOnlyForDeploymentPostprocessing = 0;
		};
		S10002 /* Sources */ = {
			isa = PBXSourcesBuildPhase;
			buildActionMask = 2147483647;
			files = (
				A10020 /* MIDIManagerTests.swift in Sources */,
				A10021 /* TubeColorTests.swift in Sources */,
				A10022 /* MTCParserTests.swift in Sources */,
				A10023 /* TimecodeTests.swift in Sources */,
				A10024 /* MTCGeneratorTests.swift in Sources */,
				A10025 /* LTCDecoderTests.swift in Sources */,
			);
			runOnlyForDeploymentPostprocessing = 0;
		};
/* End PBXSourcesBuildPhase section */

/* Begin PBXTargetDependency section */
		D10001 /* PBXTargetDependency */ = {
			isa = PBXTargetDependency;
			target = T10001;
			targetProxy = C10001;
		};
/* End PBXTargetDependency section */

/* Begin XCBuildConfiguration section */
		BC0001 /* Debug */ = {
			isa = XCBuildConfiguration;
			buildSettings = {
				ALWAYS_SEARCH_USER_PATHS = NO;
				ASSETCATALOG_COMPILER_GENERATE_SWIFT_ASSET_SYMBOL_EXTENSIONS = YES;
				CLANG_ANALYZER_NONNULL = YES;
				CLANG_ANALYZER_NUMBER_OBJECT_CONVERSION = YES_AGGRESSIVE;
				CLANG_CXX_LANGUAGE_STANDARD = "gnu++20";
				CLANG_ENABLE_MODULES = YES;
				CLANG_ENABLE_OBJC_ARC = YES;
				CLANG_ENABLE_OBJC_WEAK = YES;
				CLANG_WARN_BLOCK_CAPTURE_AUTORELEASING = YES;
				CLANG_WARN_BOOL_CONVERSION = YES;
				CLANG_WARN_COMMA = YES;
				CLANG_WARN_CONSTANT_CONVERSION = YES;
				CLANG_WARN_DEPRECATED_OBJC_IMPLEMENTATIONS = YES;
				CLANG_WARN_DIRECT_OBJC_ISA_USAGE = YES_ERROR;
				CLANG_WARN_DOCUMENTATION_COMMENTS = YES;
				CLANG_WARN_EMPTY_BODY = YES;
				CLANG_WARN_ENUM_CONVERSION = YES;
				CLANG_WARN_INFINITE_RECURSION = YES;
				CLANG_WARN_INT_CONVERSION = YES;
				CLANG_WARN_NON_LITERAL_NULL_CONVERSION = YES;
				CLANG_WARN_OBJC_IMPLICIT_RETAIN_SELF = YES;
				CLANG_WARN_OBJC_LITERAL_CONVERSION = YES;
				CLANG_WARN_OBJC_ROOT_CLASS = YES_ERROR;
				CLANG_WARN_QUOTED_INCLUDE_IN_FRAMEWORK_HEADER = YES;
				CLANG_WARN_RANGE_LOOP_ANALYSIS = YES;
				CLANG_WARN_STRICT_PROTOTYPES = YES;
				CLANG_WARN_SUSPICIOUS_MOVE = YES;
				CLANG_WARN_UNGUARDED_AVAILABILITY = YES_AGGRESSIVE;
				CLANG_WARN_UNREACHABLE_CODE = YES;
				CLANG_WARN__DUPLICATE_METHOD_MATCH = YES;
				COPY_PHASE_STRIP = NO;
				DEBUG_INFORMATION_FORMAT = dwarf;
				ENABLE_STRICT_OBJC_MSGSEND = YES;
				ENABLE_TESTABILITY = YES;
				ENABLE_USER_SCRIPT_SANDBOXING = YES;
				GCC_C_LANGUAGE_STANDARD = gnu17;
				GCC_DYNAMIC_NO_PIC = NO;
				GCC_NO_COMMON_BLOCKS = YES;
				GCC_OPTIMIZATION_LEVEL = 0;
				GCC_PREPROCESSOR_DEFINITIONS = (
					"DEBUG=1",
					"$(inherited)",
				);
				GCC_WARN_64_TO_32_BIT_CONVERSION = YES;
				GCC_WARN_ABOUT_RETURN_TYPE = YES_ERROR;
				GCC_WARN_UNDECLARED_SELECTOR = YES;
				GCC_WARN_UNINITIALIZED_AUTOS = YES_AGGRESSIVE;
				GCC_WARN_UNUSED_FUNCTION = YES;
				GCC_WARN_UNUSED_VARIABLE = YES;
				MACOSX_DEPLOYMENT_TARGET = 14.0;
				MTL_ENABLE_DEBUG_INFO = INCLUDE_SOURCE;
				MTL_FAST_MATH = YES;
				ONLY_ACTIVE_ARCH = YES;
				SDKROOT = macosx;
				SWIFT_ACTIVE_COMPILATION_CONDITIONS = "$(inherited) DEBUG";
				SWIFT_OPTIMIZATION_LEVEL = "-Onone";
			};
			name = Debug;
		};
		BC0002 /* Release */ = {
			isa = XCBuildConfiguration;
			buildSettings = {
				ALWAYS_SEARCH_USER_PATHS = NO;
				ASSETCATALOG_COMPILER_GENERATE_SWIFT_ASSET_SYMBOL_EXTENSIONS = YES;
				CLANG_ANALYZER_NONNULL = YES;
				CLANG_ANALYZER_NUMBER_OBJECT_CONVERSION = YES_AGGRESSIVE;
				CLANG_CXX_LANGUAGE_STANDARD = "gnu++20";
				CLANG_ENABLE_MODULES = YES;
				CLANG_ENABLE_OBJC_ARC = YES;
				CLANG_ENABLE_OBJC_WEAK = YES;
				CLANG_WARN_BLOCK_CAPTURE_AUTORELEASING = YES;
				CLANG_WARN_BOOL_CONVERSION = YES;
				CLANG_WARN_COMMA = YES;
				CLANG_WARN_CONSTANT_CONVERSION = YES;
				CLANG_WARN_DEPRECATED_OBJC_IMPLEMENTATIONS = YES;
				CLANG_WARN_DIRECT_OBJC_ISA_USAGE = YES_ERROR;
				CLANG_WARN_DOCUMENTATION_COMMENTS = YES;
				CLANG_WARN_EMPTY_BODY = YES;
				CLANG_WARN_ENUM_CONVERSION = YES;
				CLANG_WARN_INFINITE_RECURSION = YES;
				CLANG_WARN_INT_CONVERSION = YES;
				CLANG_WARN_NON_LITERAL_NULL_CONVERSION = YES;
				CLANG_WARN_OBJC_IMPLICIT_RETAIN_SELF = YES;
				CLANG_WARN_OBJC_LITERAL_CONVERSION = YES;
				CLANG_WARN_OBJC_ROOT_CLASS = YES_ERROR;
				CLANG_WARN_QUOTED_INCLUDE_IN_FRAMEWORK_HEADER = YES;
				CLANG_WARN_RANGE_LOOP_ANALYSIS = YES;
				CLANG_WARN_STRICT_PROTOTYPES = YES;
				CLANG_WARN_SUSPICIOUS_MOVE = YES;
				CLANG_WARN_UNGUARDED_AVAILABILITY = YES_AGGRESSIVE;
				CLANG_WARN_UNREACHABLE_CODE = YES;
				CLANG_WARN__DUPLICATE_METHOD_MATCH = YES;
				COPY_PHASE_STRIP = NO;
				DEBUG_INFORMATION_FORMAT = "dwarf-with-dsym";
				ENABLE_NS_ASSERTIONS = NO;
				ENABLE_STRICT_OBJC_MSGSEND = YES;
				ENABLE_USER_SCRIPT_SANDBOXING = YES;
				GCC_C_LANGUAGE_STANDARD = gnu17;
				GCC_NO_COMMON_BLOCKS = YES;
				GCC_WARN_64_TO_32_BIT_CONVERSION = YES;
				GCC_WARN_ABOUT_RETURN_TYPE = YES_ERROR;
				GCC_WARN_UNDECLARED_SELECTOR = YES;
				GCC_WARN_UNINITIALIZED_AUTOS = YES_AGGRESSIVE;
				GCC_WARN_UNUSED_FUNCTION = YES;
				GCC_WARN_UNUSED_VARIABLE = YES;
				MACOSX_DEPLOYMENT_TARGET = 14.0;
				MTL_ENABLE_DEBUG_INFO = NO;
				MTL_FAST_MATH = YES;
				SDKROOT = macosx;
				SWIFT_COMPILATION_MODE = wholemodule;
			};
			name = Release;
		};
		BC0003 /* Debug */ = {
			isa = XCBuildConfiguration;
			buildSettings = {
				ASSETCATALOG_COMPILER_APPICON_NAME = AppIcon;
				ASSETCATALOG_COMPILER_GLOBAL_ACCENT_COLOR_NAME = AccentColor;
				CODE_SIGN_ENTITLEMENTS = "";
				"CODE_SIGN_IDENTITY[sdk=macosx*]" = "-";
				CODE_SIGN_STYLE = Automatic;
				COMBINE_HIDPI_IMAGES = YES;
				CURRENT_PROJECT_VERSION = 1;
				DEVELOPMENT_TEAM = "";
				ENABLE_HARDENED_RUNTIME = NO;
				GENERATE_INFOPLIST_FILE = YES;
				INFOPLIST_KEY_LSApplicationCategoryType = "public.app-category.music";
				INFOPLIST_KEY_NSHumanReadableCopyright = "Copyright Rob Sinclair Inc.";
				INFOPLIST_KEY_NSMicrophoneUsageDescription = "MIDITimecode needs audio input access to decode LTC timecode from your audio interface.";
				MARKETING_VERSION = 1.0;
				PRODUCT_BUNDLE_IDENTIFIER = "Rob-Sinclair-Inc.MIDITimecode";
				PRODUCT_NAME = "$(TARGET_NAME)";
				SWIFT_EMIT_LOC_STRINGS = YES;
				SWIFT_VERSION = 5.0;
			};
			name = Debug;
		};
		BC0004 /* Release */ = {
			isa = XCBuildConfiguration;
			buildSettings = {
				ASSETCATALOG_COMPILER_APPICON_NAME = AppIcon;
				ASSETCATALOG_COMPILER_GLOBAL_ACCENT_COLOR_NAME = AccentColor;
				CODE_SIGN_ENTITLEMENTS = "";
				"CODE_SIGN_IDENTITY[sdk=macosx*]" = "-";
				CODE_SIGN_STYLE = Automatic;
				COMBINE_HIDPI_IMAGES = YES;
				CURRENT_PROJECT_VERSION = 1;
				DEVELOPMENT_TEAM = "";
				ENABLE_HARDENED_RUNTIME = NO;
				GENERATE_INFOPLIST_FILE = YES;
				INFOPLIST_KEY_LSApplicationCategoryType = "public.app-category.music";
				INFOPLIST_KEY_NSHumanReadableCopyright = "Copyright Rob Sinclair Inc.";
				INFOPLIST_KEY_NSMicrophoneUsageDescription = "MIDITimecode needs audio input access to decode LTC timecode from your audio interface.";
				MARKETING_VERSION = 1.0;
				PRODUCT_BUNDLE_IDENTIFIER = "Rob-Sinclair-Inc.MIDITimecode";
				PRODUCT_NAME = "$(TARGET_NAME)";
				SWIFT_EMIT_LOC_STRINGS = YES;
				SWIFT_VERSION = 5.0;
			};
			name = Release;
		};
		BC0005 /* Debug */ = {
			isa = XCBuildConfiguration;
			buildSettings = {
				BUNDLE_LOADER = "$(TEST_HOST)";
				CODE_SIGN_STYLE = Automatic;
				CURRENT_PROJECT_VERSION = 1;
				GENERATE_INFOPLIST_FILE = YES;
				MARKETING_VERSION = 1.0;
				PRODUCT_BUNDLE_IDENTIFIER = "Rob-Sinclair-Inc.MIDITimecodeTests";
				PRODUCT_NAME = "$(TARGET_NAME)";
				SWIFT_EMIT_LOC_STRINGS = NO;
				SWIFT_VERSION = 5.0;
				TEST_HOST = "$(BUILT_PRODUCTS_DIR)/MIDITimecode.app/Contents/MacOS/MIDITimecode";
			};
			name = Debug;
		};
		BC0006 /* Release */ = {
			isa = XCBuildConfiguration;
			buildSettings = {
				BUNDLE_LOADER = "$(TEST_HOST)";
				CODE_SIGN_STYLE = Automatic;
				CURRENT_PROJECT_VERSION = 1;
				GENERATE_INFOPLIST_FILE = YES;
				MARKETING_VERSION = 1.0;
				PRODUCT_BUNDLE_IDENTIFIER = "Rob-Sinclair-Inc.MIDITimecodeTests";
				PRODUCT_NAME = "$(TARGET_NAME)";
				SWIFT_EMIT_LOC_STRINGS = NO;
				SWIFT_VERSION = 5.0;
				TEST_HOST = "$(BUILT_PRODUCTS_DIR)/MIDITimecode.app/Contents/MacOS/MIDITimecode";
			};
			name = Release;
		};
/* End XCBuildConfiguration section */

/* Begin XCConfigurationList section */
		CL0001 /* Build configuration list for PBXNativeTarget "MIDITimecode" */ = {
			isa = XCConfigurationList;
			buildConfigurations = (
				BC0003 /* Debug */,
				BC0004 /* Release */,
			);
			defaultConfigurationIsVisible = 0;
			defaultConfigurationName = Release;
		};
		CL0002 /* Build configuration list for PBXNativeTarget "MIDITimecodeTests" */ = {
			isa = XCConfigurationList;
			buildConfigurations = (
				BC0005 /* Debug */,
				BC0006 /* Release */,
			);
			defaultConfigurationIsVisible = 0;
			defaultConfigurationName = Release;
		};
		CL0003 /* Build configuration list for PBXProject "MIDITimecode" */ = {
			isa = XCConfigurationList;
			buildConfigurations = (
				BC0001 /* Debug */,
				BC0002 /* Release */,
			);
			defaultConfigurationIsVisible = 0;
			defaultConfigurationName = Release;
		};
/* End XCConfigurationList section */
	};
	rootObject = P10001 /* Project object */;
}
